
Microsoft Visual Studio Solution File, Format Version 12.00
# Visual Studio Version 17
VisualStudioVersion = 17.6.33723.286
MinimumVisualStudioVersion = 10.0.40219.1
Project("{FAE04EC0-301F-11D3-BF4B-00C04F79EFBC}") = "RegistrationLoginApplication", "Demo\RegistrationLoginApplication.csproj", "{16992CE6-0342-4447-932A-086147AD50F5}"
EndProject
Project("{FAE04EC0-301F-11D3-BF4B-00C04F79EFBC}") = "RegistrationLoginBusinessLayer", "RegistrationLoginBusinessModels\RegistrationLoginBusinessLayer.csproj", "{0C961BAD-8EED-43F6-942D-779BEECE8577}"
EndProject
Project("{FAE04EC0-301F-11D3-BF4B-00C04F79EFBC}") = "RegistrationLoginDataLayer", "RegistrationLoginDataLayer\RegistrationLoginDataLayer.csproj", "{AA2611A9-17AF-4DCF-B3DB-75CA84E131DE}"
EndProject
Project("{FAE04EC0-301F-11D3-BF4B-00C04F79EFBC}") = "BusinessModels", "BusinessModels\BusinessModels.csproj", "{E7B057D8-6CA4-4D63-93DF-37FE4538177A}"
EndProject
Global
	GlobalSection(SolutionConfigurationPlatforms) = preSolution
		Debug|Any CPU = Debug|Any CPU
		Release|Any CPU = Release|Any CPU
	EndGlobalSection
	GlobalSection(ProjectConfigurationPlatforms) = postSolution
		{16992CE6-0342-4447-932A-086147AD50F5}.Debug|Any CPU.ActiveCfg = Debug|Any CPU
		{16992CE6-0342-4447-932A-086147AD50F5}.Debug|Any CPU.Build.0 = Debug|Any CPU
		{16992CE6-0342-4447-932A-086147AD50F5}.Release|Any CPU.ActiveCfg = Release|Any CPU
		{16992CE6-0342-4447-932A-086147AD50F5}.Release|Any CPU.Build.0 = Release|Any CPU
		{0C961BAD-8EED-43F6-942D-779BEECE8577}.Debug|Any CPU.ActiveCfg = Debug|Any CPU
		{0C961BAD-8EED-43F6-942D-779BEECE8577}.Debug|Any CPU.Build.0 = Debug|Any CPU
		{0C961BAD-8EED-43F6-942D-779BEECE8577}.Release|Any CPU.ActiveCfg = Release|Any CPU
		{0C961BAD-8EED-43F6-942D-779BEECE8577}.Release|Any CPU.Build.0 = Release|Any CPU
		{AA2611A9-17AF-4DCF-B3DB-75CA84E131DE}.Debug|Any CPU.ActiveCfg = Debug|Any CPU
		{AA2611A9-17AF-4DCF-B3DB-75CA84E131DE}.Debug|Any CPU.Build.0 = Debug|Any CPU
		{AA2611A9-17AF-4DCF-B3DB-75CA84E131DE}.Release|Any CPU.ActiveCfg = Release|Any CPU
		{AA2611A9-17AF-4DCF-B3DB-75CA84E131DE}.Release|Any CPU.Build.0 = Release|Any CPU
		{E7B057D8-6CA4-4D63-93DF-37FE4538177A}.Debug|Any CPU.ActiveCfg = Debug|Any CPU
		{E7B057D8-6CA4-4D63-93DF-37FE4538177A}.Debug|Any CPU.Build.0 = Debug|Any CPU
		{E7B057D8-6CA4-4D63-93DF-37FE4538177A}.Release|Any CPU.ActiveCfg = Release|Any CPU
		{E7B057D8-6CA4-4D63-93DF-37FE4538177A}.Release|Any CPU.Build.0 = Release|Any CPU
	EndGlobalSection
	GlobalSection(SolutionProperties) = preSolution
		HideSolutionNode = FALSE
	EndGlobalSection
	GlobalSection(ExtensibilityGlobals) = postSolution
		SolutionGuid = {3CC0F035-C56B-4F01-ADA0-3DDC06DBAE89}
	EndGlobalSection
EndGlobal
